
Microsoft Visual Studio Solution File, Format Version 12.00
# Visual Studio 15
VisualStudioVersion = 15.0.28307.329
MinimumVisualStudioVersion = 10.0.40219.1
Project("{FAE04EC0-301F-11D3-BF4B-00C04F79EFBC}") = "TodoApi", "TodoApi\TodoApi.csproj", "{8DAF43EB-9E75-415A-A656-588CDFF52FDC}"
EndProject
Global
	GlobalSection(SolutionConfigurationPlatforms) = preSolution
		Debug|Any CPU = Debug|Any CPU
		Release|Any CPU = Release|Any CPU
	EndGlobalSection
	GlobalSection(ProjectConfigurationPlatforms) = postSolution
		{8DAF43EB-9E75-415A-A656-588CDFF52FDC}.Debug|Any CPU.ActiveCfg = Debug|Any CPU
		{8DAF43EB-9E75-415A-A656-588CDFF52FDC}.Debug|Any CPU.Build.0 = Debug|Any CPU
		{8DAF43EB-9E75-415A-A656-588CDFF52FDC}.Release|Any CPU.ActiveCfg = Release|Any CPU
		{8DAF43EB-9E75-415A-A656-588CDFF52FDC}.Release|Any CPU.Build.0 = Release|Any CPU
	EndGlobalSection
	GlobalSection(SolutionProperties) = preSolution
		HideSolutionNode = FALSE
	EndGlobalSection
	GlobalSection(ExtensibilityGlobals) = postSolution
		SolutionGuid = {B7F59920-77D7-47FB-9352-E5EA7C632E32}
	EndGlobalSection
EndGlobal
